PODS:
  - Flutter (1.0.0)
  - video_360 (0.0.1):
    - Flutter

DEPENDENCIES:
  - Flutter (from `Flutter`)
  - video_360 (from `.symlinks/plugins/video_360/ios`)

EXTERNAL SOURCES:
  Flutter:
    :path: Flutter
  video_360:
    :path: ".symlinks/plugins/video_360/ios"

SPEC CHECKSUMS:
  Flutter: 434fef37c0980e73bb6479ef766c45957d4b510c
  video_360: ee47ca2e574f2caa620f10c857b9a71b5ddf40c8

PODFILE CHECKSUM: aafe91acc616949ddb318b77800a7f51bffa2a4c

COCOAPODS: 1.10.2
